
Microsoft Visual Studio Solution File, Format Version 12.00
# Visual Studio Version 16
VisualStudioVersion = 16.0.29613.14
MinimumVisualStudioVersion = 10.0.40219.1
Project("{FAE04EC0-301F-11D3-BF4B-00C04F79EFBC}") = "PlaygilePlayground", "PlaygilePlayground.csproj", "{0DABA45D-EB8E-4D65-8405-C39AC85A897B}"
EndProject
Project("{54435603-DBB4-11D2-8724-00A0C9A8B90C}") = "PlaygilePlaygroundSetup", "PlaygilePlaygroundSetup\PlaygilePlaygroundSetup.vdproj", "{901AAE14-F23D-4125-B7EA-B38956A2453E}"
EndProject
Global
	GlobalSection(SolutionConfigurationPlatforms) = preSolution
		Debug|Any CPU = Debug|Any CPU
		Release|Any CPU = Release|Any CPU
	EndGlobalSection
	GlobalSection(ProjectConfigurationPlatforms) = postSolution
		{0DABA45D-EB8E-4D65-8405-C39AC85A897B}.Debug|Any CPU.ActiveCfg = Debug|Any CPU
		{0DABA45D-EB8E-4D65-8405-C39AC85A897B}.Debug|Any CPU.Build.0 = Debug|Any CPU
		{0DABA45D-EB8E-4D65-8405-C39AC85A897B}.Release|Any CPU.ActiveCfg = Release|Any CPU
		{0DABA45D-EB8E-4D65-8405-C39AC85A897B}.Release|Any CPU.Build.0 = Release|Any CPU
		{901AAE14-F23D-4125-B7EA-B38956A2453E}.Debug|Any CPU.ActiveCfg = Debug
		{901AAE14-F23D-4125-B7EA-B38956A2453E}.Release|Any CPU.ActiveCfg = Release
	EndGlobalSection
	GlobalSection(SolutionProperties) = preSolution
		HideSolutionNode = FALSE
	EndGlobalSection
	GlobalSection(ExtensibilityGlobals) = postSolution
		SolutionGuid = {541D634C-79CC-4365-AD01-DC5540A2ADD1}
	EndGlobalSection
	GlobalSection(SolutionConfigurationPlatforms) = preSolution
		Debug|Any CPU = Debug|Any CPU
		Release|Any CPU = Release|Any CPU
	EndGlobalSection
EndGlobal
